
Microsoft Visual Studio Solution File, Format Version 12.00
# Visual Studio Version 16
VisualStudioVersion = 16.0.31729.503
MinimumVisualStudioVersion = 10.0.40219.1
Project("{FAE04EC0-301F-11D3-BF4B-00C04F79EFBC}") = "Notes.Android", "Notes\Notes.Android\Notes.Android.csproj", "{8EAC9DC2-609F-4873-B58A-D54D32AEF3DE}"
EndProject
Project("{FAE04EC0-301F-11D3-BF4B-00C04F79EFBC}") = "Notes.iOS", "Notes\Notes.iOS\Notes.iOS.csproj", "{453FFFAC-C8B4-44D5-A40F-579FD44B50AE}"
EndProject
Project("{FAE04EC0-301F-11D3-BF4B-00C04F79EFBC}") = "Notes", "Notes\Notes\Notes.csproj", "{A14ABE75-46CB-4131-ACD4-4DAD69DD58FB}"
EndProject
Global
	GlobalSection(SolutionConfigurationPlatforms) = preSolution
		Debug|Any CPU = Debug|Any CPU
		Debug|iPhone = Debug|iPhone
		Debug|iPhoneSimulator = Debug|iPhoneSimulator
		Release|Any CPU = Release|Any CPU
		Release|iPhone = Release|iPhone
		Release|iPhoneSimulator = Release|iPhoneSimulator
	EndGlobalSection
	GlobalSection(ProjectConfigurationPlatforms) = postSolution
		{8EAC9DC2-609F-4873-B58A-D54D32AEF3DE}.Debug|Any CPU.ActiveCfg = Debug|Any CPU
		{8EAC9DC2-609F-4873-B58A-D54D32AEF3DE}.Debug|Any CPU.Build.0 = Debug|Any CPU
		{8EAC9DC2-609F-4873-B58A-D54D32AEF3DE}.Debug|Any CPU.Deploy.0 = Debug|Any CPU
		{8EAC9DC2-609F-4873-B58A-D54D32AEF3DE}.Debug|iPhone.ActiveCfg = Debug|Any CPU
		{8EAC9DC2-609F-4873-B58A-D54D32AEF3DE}.Debug|iPhone.Build.0 = Debug|Any CPU
		{8EAC9DC2-609F-4873-B58A-D54D32AEF3DE}.Debug|iPhone.Deploy.0 = Debug|Any CPU
		{8EAC9DC2-609F-4873-B58A-D54D32AEF3DE}.Debug|iPhoneSimulator.ActiveCfg = Debug|Any CPU
		{8EAC9DC2-609F-4873-B58A-D54D32AEF3DE}.Debug|iPhoneSimulator.Build.0 = Debug|Any CPU
		{8EAC9DC2-609F-4873-B58A-D54D32AEF3DE}.Debug|iPhoneSimulator.Deploy.0 = Debug|Any CPU
		{8EAC9DC2-609F-4873-B58A-D54D32AEF3DE}.Release|Any CPU.ActiveCfg = Release|Any CPU
		{8EAC9DC2-609F-4873-B58A-D54D32AEF3DE}.Release|Any CPU.Build.0 = Release|Any CPU
		{8EAC9DC2-609F-4873-B58A-D54D32AEF3DE}.Release|Any CPU.Deploy.0 = Release|Any CPU
		{8EAC9DC2-609F-4873-B58A-D54D32AEF3DE}.Release|iPhone.ActiveCfg = Release|Any CPU
		{8EAC9DC2-609F-4873-B58A-D54D32AEF3DE}.Release|iPhone.Build.0 = Release|Any CPU
		{8EAC9DC2-609F-4873-B58A-D54D32AEF3DE}.Release|iPhone.Deploy.0 = Release|Any CPU
		{8EAC9DC2-609F-4873-B58A-D54D32AEF3DE}.Release|iPhoneSimulator.ActiveCfg = Release|Any CPU
		{8EAC9DC2-609F-4873-B58A-D54D32AEF3DE}.Release|iPhoneSimulator.Build.0 = Release|Any CPU
		{8EAC9DC2-609F-4873-B58A-D54D32AEF3DE}.Release|iPhoneSimulator.Deploy.0 = Release|Any CPU
		{453FFFAC-C8B4-44D5-A40F-579FD44B50AE}.Debug|Any CPU.ActiveCfg = Debug|iPhone
		{453FFFAC-C8B4-44D5-A40F-579FD44B50AE}.Debug|Any CPU.Build.0 = Debug|iPhone
		{453FFFAC-C8B4-44D5-A40F-579FD44B50AE}.Debug|Any CPU.Deploy.0 = Debug|iPhone
		{453FFFAC-C8B4-44D5-A40F-579FD44B50AE}.Debug|iPhone.ActiveCfg = Debug|iPhone
		{453FFFAC-C8B4-44D5-A40F-579FD44B50AE}.Debug|iPhone.Build.0 = Debug|iPhone
		{453FFFAC-C8B4-44D5-A40F-579FD44B50AE}.Debug|iPhone.Deploy.0 = Debug|iPhone
		{453FFFAC-C8B4-44D5-A40F-579FD44B50AE}.Debug|iPhoneSimulator.ActiveCfg = Debug|iPhoneSimulator
		{453FFFAC-C8B4-44D5-A40F-579FD44B50AE}.Debug|iPhoneSimulator.Build.0 = Debug|iPhoneSimulator
		{453FFFAC-C8B4-44D5-A40F-579FD44B50AE}.Debug|iPhoneSimulator.Deploy.0 = Debug|iPhoneSimulator
		{453FFFAC-C8B4-44D5-A40F-579FD44B50AE}.Release|Any CPU.ActiveCfg = Release|iPhoneSimulator
		{453FFFAC-C8B4-44D5-A40F-579FD44B50AE}.Release|Any CPU.Build.0 = Release|iPhoneSimulator
		{453FFFAC-C8B4-44D5-A40F-579FD44B50AE}.Release|Any CPU.Deploy.0 = Release|iPhoneSimulator
		{453FFFAC-C8B4-44D5-A40F-579FD44B50AE}.Release|iPhone.ActiveCfg = Release|iPhone
		{453FFFAC-C8B4-44D5-A40F-579FD44B50AE}.Release|iPhone.Build.0 = Release|iPhone
		{453FFFAC-C8B4-44D5-A40F-579FD44B50AE}.Release|iPhone.Deploy.0 = Release|iPhone
		{453FFFAC-C8B4-44D5-A40F-579FD44B50AE}.Release|iPhoneSimulator.ActiveCfg = Release|iPhoneSimulator
		{453FFFAC-C8B4-44D5-A40F-579FD44B50AE}.Release|iPhoneSimulator.Build.0 = Release|iPhoneSimulator
		{453FFFAC-C8B4-44D5-A40F-579FD44B50AE}.Release|iPhoneSimulator.Deploy.0 = Release|iPhoneSimulator
		{A14ABE75-46CB-4131-ACD4-4DAD69DD58FB}.Debug|Any CPU.ActiveCfg = Debug|Any CPU
		{A14ABE75-46CB-4131-ACD4-4DAD69DD58FB}.Debug|Any CPU.Build.0 = Debug|Any CPU
		{A14ABE75-46CB-4131-ACD4-4DAD69DD58FB}.Debug|Any CPU.Deploy.0 = Debug|Any CPU
		{A14ABE75-46CB-4131-ACD4-4DAD69DD58FB}.Debug|iPhone.ActiveCfg = Debug|Any CPU
		{A14ABE75-46CB-4131-ACD4-4DAD69DD58FB}.Debug|iPhone.Build.0 = Debug|Any CPU
		{A14ABE75-46CB-4131-ACD4-4DAD69DD58FB}.Debug|iPhone.Deploy.0 = Debug|Any CPU
		{A14ABE75-46CB-4131-ACD4-4DAD69DD58FB}.Debug|iPhoneSimulator.ActiveCfg = Debug|Any CPU
		{A14ABE75-46CB-4131-ACD4-4DAD69DD58FB}.Debug|iPhoneSimulator.Build.0 = Debug|Any CPU
		{A14ABE75-46CB-4131-ACD4-4DAD69DD58FB}.Debug|iPhoneSimulator.Deploy.0 = Debug|Any CPU
		{A14ABE75-46CB-4131-ACD4-4DAD69DD58FB}.Release|Any CPU.ActiveCfg = Release|Any CPU
		{A14ABE75-46CB-4131-ACD4-4DAD69DD58FB}.Release|Any CPU.Build.0 = Release|Any CPU
		{A14ABE75-46CB-4131-ACD4-4DAD69DD58FB}.Release|Any CPU.Deploy.0 = Release|Any CPU
		{A14ABE75-46CB-4131-ACD4-4DAD69DD58FB}.Release|iPhone.ActiveCfg = Release|Any CPU
		{A14ABE75-46CB-4131-ACD4-4DAD69DD58FB}.Release|iPhone.Build.0 = Release|Any CPU
		{A14ABE75-46CB-4131-ACD4-4DAD69DD58FB}.Release|iPhone.Deploy.0 = Release|Any CPU
		{A14ABE75-46CB-4131-ACD4-4DAD69DD58FB}.Release|iPhoneSimulator.ActiveCfg = Release|Any CPU
		{A14ABE75-46CB-4131-ACD4-4DAD69DD58FB}.Release|iPhoneSimulator.Build.0 = Release|Any CPU
		{A14ABE75-46CB-4131-ACD4-4DAD69DD58FB}.Release|iPhoneSimulator.Deploy.0 = Release|Any CPU
	EndGlobalSection
	GlobalSection(SolutionProperties) = preSolution
		HideSolutionNode = FALSE
	EndGlobalSection
	GlobalSection(ExtensibilityGlobals) = postSolution
		SolutionGuid = {58E00E55-8ECA-4614-8227-D1B03BADB4BF}
	EndGlobalSection
EndGlobal
